
Microsoft Visual Studio Solution File, Format Version 12.00
Project("{FAE04EC0-301F-11D3-BF4B-00C04F79EFBC}") = "ServerMonitoring.MessageQueue", "ServerMonitoring.MessageQueue\ServerMonitoring.MessageQueue.csproj", "{9BC47F21-C81A-4E4C-B6CF-C8DD29702691}"
EndProject
Global
	GlobalSection(SolutionConfigurationPlatforms) = preSolution
		Debug|Any CPU = Debug|Any CPU
		Release|Any CPU = Release|Any CPU
	EndGlobalSection
	GlobalSection(ProjectConfigurationPlatforms) = postSolution
		{9BC47F21-C81A-4E4C-B6CF-C8DD29702691}.Debug|Any CPU.ActiveCfg = Debug|Any CPU
		{9BC47F21-C81A-4E4C-B6CF-C8DD29702691}.Debug|Any CPU.Build.0 = Debug|Any CPU
		{9BC47F21-C81A-4E4C-B6CF-C8DD29702691}.Release|Any CPU.ActiveCfg = Release|Any CPU
		{9BC47F21-C81A-4E4C-B6CF-C8DD29702691}.Release|Any CPU.Build.0 = Release|Any CPU
	EndGlobalSection
EndGlobal
