
Microsoft Visual Studio Solution File, Format Version 12.00
Project("{FAE04EC0-301F-11D3-BF4B-00C04F79EFBC}") = "ServerMonitoring.MessageQueue", "ServerMonitoring.MessageQueue\ServerMonitoring.MessageQueue.csproj", "{9BC47F21-C81A-4E4C-B6CF-C8DD29702691}"
EndProject
Project("{FAE04EC0-301F-11D3-BF4B-00C04F79EFBC}") = "ServerMonitoring.StatsCollector", "ServerMonitoring.StatsCollector\ServerMonitoring.StatsCollector.csproj", "{23957C13-39A8-4253-BB48-6E75ED23DF61}"
EndProject
Project("{FAE04EC0-301F-11D3-BF4B-00C04F79EFBC}") = "ServerMonitoring.Processor", "ServerMonitoring.Processor\ServerMonitoring.Processor.csproj", "{84903AF2-F404-4955-892A-8D6D0BF191B7}"
EndProject
Project("{FAE04EC0-301F-11D3-BF4B-00C04F79EFBC}") = "ServerMonitoring.EventConsumer", "ServerMonitoring.EventConsumer\ServerMonitoring.EventConsumer.csproj", "{B55319C2-3D8F-45C6-904B-5DA7A4401C5F}"
EndProject
Global
	GlobalSection(SolutionConfigurationPlatforms) = preSolution
		Debug|Any CPU = Debug|Any CPU
		Release|Any CPU = Release|Any CPU
	EndGlobalSection
	GlobalSection(ProjectConfigurationPlatforms) = postSolution
		{9BC47F21-C81A-4E4C-B6CF-C8DD29702691}.Debug|Any CPU.ActiveCfg = Debug|Any CPU
		{9BC47F21-C81A-4E4C-B6CF-C8DD29702691}.Debug|Any CPU.Build.0 = Debug|Any CPU
		{9BC47F21-C81A-4E4C-B6CF-C8DD29702691}.Release|Any CPU.ActiveCfg = Release|Any CPU
		{9BC47F21-C81A-4E4C-B6CF-C8DD29702691}.Release|Any CPU.Build.0 = Release|Any CPU
		{23957C13-39A8-4253-BB48-6E75ED23DF61}.Debug|Any CPU.ActiveCfg = Debug|Any CPU
		{23957C13-39A8-4253-BB48-6E75ED23DF61}.Debug|Any CPU.Build.0 = Debug|Any CPU
		{23957C13-39A8-4253-BB48-6E75ED23DF61}.Release|Any CPU.ActiveCfg = Release|Any CPU
		{23957C13-39A8-4253-BB48-6E75ED23DF61}.Release|Any CPU.Build.0 = Release|Any CPU
		{84903AF2-F404-4955-892A-8D6D0BF191B7}.Debug|Any CPU.ActiveCfg = Debug|Any CPU
		{84903AF2-F404-4955-892A-8D6D0BF191B7}.Debug|Any CPU.Build.0 = Debug|Any CPU
		{84903AF2-F404-4955-892A-8D6D0BF191B7}.Release|Any CPU.ActiveCfg = Release|Any CPU
		{84903AF2-F404-4955-892A-8D6D0BF191B7}.Release|Any CPU.Build.0 = Release|Any CPU
		{B55319C2-3D8F-45C6-904B-5DA7A4401C5F}.Debug|Any CPU.ActiveCfg = Debug|Any CPU
		{B55319C2-3D8F-45C6-904B-5DA7A4401C5F}.Debug|Any CPU.Build.0 = Debug|Any CPU
		{B55319C2-3D8F-45C6-904B-5DA7A4401C5F}.Release|Any CPU.ActiveCfg = Release|Any CPU
		{B55319C2-3D8F-45C6-904B-5DA7A4401C5F}.Release|Any CPU.Build.0 = Release|Any CPU
	EndGlobalSection
EndGlobal
